// !$*UTF8*$!
{
	archiveVersion = 1;
	classes = {
	};
	objectVersion = 56;
	objects = {

/* Begin PBXBuildFile section */
		F134E1932C109F6A008F65E9 /* AppDelegate.swift in Sources */ = {isa = PBXBuildFile; fileRef = F134E1922C109F6A008F65E9 /* AppDelegate.swift */; };
		F134E1952C109F6A008F65E9 /* SceneDelegate.swift in Sources */ = {isa = PBXBuildFile; fileRef = F134E1942C109F6A008F65E9 /* SceneDelegate.swift */; };
		F134E1972C109F6A008F65E9 /* ViewController.swift in Sources */ = {isa = PBXBuildFile; fileRef = F134E1962C109F6A008F65E9 /* ViewController.swift */; };
		F134E19A2C109F6A008F65E9 /* Base in Resources */ = {isa = PBXBuildFile; fileRef = F134E1992C109F6A008F65E9 /* Base */; };
		F134E19C2C109F6C008F65E9 /* Assets.xcassets in Resources */ = {isa = PBXBuildFile; fileRef = F134E19B2C109F6C008F65E9 /* Assets.xcassets */; };
		F134E19F2C109F6C008F65E9 /* Base in Resources */ = {isa = PBXBuildFile; fileRef = F134E19E2C109F6C008F65E9 /* Base */; };
		F134E1AA2C109F6C008F65E9 /* CounterTests.swift in Sources */ = {isa = PBXBuildFile; fileRef = F134E1A92C109F6C008F65E9 /* CounterTests.swift */; };
		F134E1B42C109F6C008F65E9 /* CounterUITests.swift in Sources */ = {isa = PBXBuildFile; fileRef = F134E1B32C109F6C008F65E9 /* CounterUITests.swift */; };
		F134E1B62C109F6C008F65E9 /* CounterUITestsLaunchTests.swift in Sources */ = {isa = PBXBuildFile; fileRef = F134E1B52C109F6C008F65E9 /* CounterUITestsLaunchTests.swift */; };
/* End PBXBuildFile section */

/* Begin PBXContainerItemProxy section */
		F134E1A62C109F6C008F65E9 /* PBXContainerItemProxy */ = {
			isa = PBXContainerItemProxy;
			containerPortal = F134E1872C109F6A008F65E9 /* Project object */;
			proxyType = 1;
			remoteGlobalIDString = F134E18E2C109F6A008F65E9;
			remoteInfo = Counter;
		};
		F134E1B02C109F6C008F65E9 /* PBXContainerItemProxy */ = {
			isa = PBXContainerItemProxy;
			containerPortal = F134E1872C109F6A008F65E9 /* Project object */;
			proxyType = 1;
			remoteGlobalIDString = F134E18E2C109F6A008F65E9;
			remoteInfo = Counter;
		};
/* End PBXContainerItemProxy section */

/* Begin PBXFileReference section */
		F134E18F2C109F6A008F65E9 /* Counter.app */ = {isa = PBXFileReference; explicitFileType = wrapper.application; includeInIndex = 0; path = Counter.app; sourceTree = BUILT_PRODUCTS_DIR; };
		F134E1922C109F6A008F65E9 /* AppDelegate.swift */ = {isa = PBXFileReference; lastKnownFileType = sourcecode.swift; path = AppDelegate.swift; sourceTree = "<group>"; };
		F134E1942C109F6A008F65E9 /* SceneDelegate.swift */ = {isa = PBXFileReference; lastKnownFileType = sourcecode.swift; path = SceneDelegate.swift; sourceTree = "<group>"; };
		F134E1962C109F6A008F65E9 /* ViewController.swift */ = {isa = PBXFileReference; lastKnownFileType = sourcecode.swift; path = ViewController.swift; sourceTree = "<group>"; };
		F134E1992C109F6A008F65E9 /* Base */ = {isa = PBXFileReference; lastKnownFileType = file.storyboard; name = Base; path = Base.lproj/Main.storyboard; sourceTree = "<group>"; };
		F134E19B2C109F6C008F65E9 /* Assets.xcassets */ = {isa = PBXFileReference; lastKnownFileType = folder.assetcatalog; path = Assets.xcassets; sourceTree = "<group>"; };
		F134E19E2C109F6C008F65E9 /* Base */ = {isa = PBXFileReference; lastKnownFileType = file.storyboard; name = Base; path = Base.lproj/LaunchScreen.storyboard; sourceTree = "<group>"; };
		F134E1A02C109F6C008F65E9 /* Info.plist */ = {isa = PBXFileReference; lastKnownFileType = text.plist.xml; path = Info.plist; sourceTree = "<group>"; };
		F134E1A52C109F6C008F65E9 /* CounterTests.xctest */ = {isa = PBXFileReference; explicitFileType = wrapper.cfbundle; includeInIndex = 0; path = CounterTests.xctest; sourceTree = BUILT_PRODUCTS_DIR; };
		F134E1A92C109F6C008F65E9 /* CounterTests.swift */ = {isa = PBXFileReference; lastKnownFileType = sourcecode.swift; path = CounterTests.swift; sourceTree = "<group>"; };
		F134E1AF2C109F6C008F65E9 /* CounterUITests.xctest */ = {isa = PBXFileReference; explicitFileType = wrapper.cfbundle; includeInIndex = 0; path = CounterUITests.xctest; sourceTree = BUILT_PRODUCTS_DIR; };
		F134E1B32C109F6C008F65E9 /* CounterUITests.swift */ = {isa = PBXFileReference; lastKnownFileType = sourcecode.swift; path = CounterUITests.swift; sourceTree = "<group>"; };
		F134E1B52C109F6C008F65E9 /* CounterUITestsLaunchTests.swift */ = {isa = PBXFileReference; lastKnownFileType = sourcecode.swift; path = CounterUITestsLaunchTests.swift; sourceTree = "<group>"; };
/* End PBXFileReference section */

/* Begin PBXFrameworksBuildPhase section */
		F134E18C2C109F6A008F65E9 /* Frameworks */ = {
			isa = PBXFrameworksBuildPhase;
			buildActionMask = 2147483647;
			files = (
			);
			runOnlyForDeploymentPostprocessing = 0;
		};
		F134E1A22C109F6C008F65E9 /* Frameworks */ = {
			isa = PBXFrameworksBuildPhase;
			buildActionMask = 2147483647;
			files = (
			);
			runOnlyForDeploymentPostprocessing = 0;
		};
		F134E1AC2C109F6C008F65E9 /* Frameworks */ = {
			isa = PBXFrameworksBuildPhase;
			buildActionMask = 2147483647;
			files = (
			);
			runOnlyForDeploymentPostprocessing = 0;
		};
/* End PBXFrameworksBuildPhase section */

/* Begin PBXGroup section */
		F134E1862C109F6A008F65E9 = {
			isa = PBXGroup;
			children = (
				F134E1912C109F6A008F65E9 /* Counter */,
				F134E1A82C109F6C008F65E9 /* CounterTests */,
				F134E1B22C109F6C008F65E9 /* CounterUITests */,
				F134E1902C109F6A008F65E9 /* Products */,
			);
			sourceTree = "<group>";
		};
		F134E1902C109F6A008F65E9 /* Products */ = {
			isa = PBXGroup;
			children = (
				F134E18F2C109F6A008F65E9 /* Counter.app */,
				F134E1A52C109F6C008F65E9 /* CounterTests.xctest */,
				F134E1AF2C109F6C008F65E9 /* CounterUITests.xctest */,
			);
			name = Products;
			sourceTree = "<group>";
		};
		F134E1912C109F6A008F65E9 /* Counter */ = {
			isa = PBXGroup;
			children = (
				F134E1922C109F6A008F65E9 /* AppDelegate.swift */,
				F134E1942C109F6A008F65E9 /* SceneDelegate.swift */,
				F134E1962C109F6A008F65E9 /* ViewController.swift */,
				F134E1982C109F6A008F65E9 /* Main.storyboard */,
				F134E19B2C109F6C008F65E9 /* Assets.xcassets */,
				F134E19D2C109F6C008F65E9 /* LaunchScreen.storyboard */,
				F134E1A02C109F6C008F65E9 /* Info.plist */,
			);
			path = Counter;
			sourceTree = "<group>";
		};
		F134E1A82C109F6C008F65E9 /* CounterTests */ = {
			isa = PBXGroup;
			children = (
				F134E1A92C109F6C008F65E9 /* CounterTests.swift */,
			);
			path = CounterTests;
			sourceTree = "<group>";
		};
		F134E1B22C109F6C008F65E9 /* CounterUITests */ = {
			isa = PBXGroup;
			children = (
				F134E1B32C109F6C008F65E9 /* CounterUITests.swift */,
				F134E1B52C109F6C008F65E9 /* CounterUITestsLaunchTests.swift */,
			);
			path = CounterUITests;
			sourceTree = "<group>";
		};
/* End PBXGroup section */

/* Begin PBXNativeTarget section */
		F134E18E2C109F6A008F65E9 /* Counter */ = {
			isa = PBXNativeTarget;
			buildConfigurationList = F134E1B92C109F6C008F65E9 /* Build configuration list for PBXNativeTarget "Counter" */;
			buildPhases = (
				F134E18B2C109F6A008F65E9 /* Sources */,
				F134E18C2C109F6A008F65E9 /* Frameworks */,
				F134E18D2C109F6A008F65E9 /* Resources */,
			);
			buildRules = (
			);
			dependencies = (
			);
			name = Counter;
			productName = Counter;
			productReference = F134E18F2C109F6A008F65E9 /* Counter.app */;
			productType = "com.apple.product-type.application";
		};
		F134E1A42C109F6C008F65E9 /* CounterTests */ = {
			isa = PBXNativeTarget;
			buildConfigurationList = F134E1BC2C109F6C008F65E9 /* Build configuration list for PBXNativeTarget "CounterTests" */;
			buildPhases = (
				F134E1A12C109F6C008F65E9 /* Sources */,
				F134E1A22C109F6C008F65E9 /* Frameworks */,
				F134E1A32C109F6C008F65E9 /* Resources */,
			);
			buildRules = (
			);
			dependencies = (
				F134E1A72C109F6C008F65E9 /* PBXTargetDependency */,
			);
			name = CounterTests;
			productName = CounterTests;
			productReference = F134E1A52C109F6C008F65E9 /* CounterTests.xctest */;
			productType = "com.apple.product-type.bundle.unit-test";
		};
		F134E1AE2C109F6C008F65E9 /* CounterUITests */ = {
			isa = PBXNativeTarget;
			buildConfigurationList = F134E1BF2C109F6C008F65E9 /* Build configuration list for PBXNativeTarget "CounterUITests" */;
			buildPhases = (
				F134E1AB2C109F6C008F65E9 /* Sources */,
				F134E1AC2C109F6C008F65E9 /* Frameworks */,
				F134E1AD2C109F6C008F65E9 /* Resources */,
			);
			buildRules = (
			);
			dependencies = (
				F134E1B12C109F6C008F65E9 /* PBXTargetDependency */,
			);
			name = CounterUITests;
			productName = CounterUITests;
			productReference = F134E1AF2C109F6C008F65E9 /* CounterUITests.xctest */;
			productType = "com.apple.product-type.bundle.ui-testing";
		};
/* End PBXNativeTarget section */

/* Begin PBXProject section */
		F134E1872C109F6A008F65E9 /* Project object */ = {
			isa = PBXProject;
			attributes = {
				BuildIndependentTargetsInParallel = 1;
				LastSwiftUpdateCheck = 1530;
				LastUpgradeCheck = 1530;
				TargetAttributes = {
					F134E18E2C109F6A008F65E9 = {
						CreatedOnToolsVersion = 15.3;
					};
					F134E1A42C109F6C008F65E9 = {
						CreatedOnToolsVersion = 15.3;
						TestTargetID = F134E18E2C109F6A008F65E9;
					};
					F134E1AE2C109F6C008F65E9 = {
						CreatedOnToolsVersion = 15.3;
						TestTargetID = F134E18E2C109F6A008F65E9;
					};
				};
			};
			buildConfigurationList = F134E18A2C109F6A008F65E9 /* Build configuration list for PBXProject "Counter" */;
			compatibilityVersion = "Xcode 14.0";
			developmentRegion = en;
			hasScannedForEncodings = 0;
			knownRegions = (
				en,
				Base,
			);
			mainGroup = F134E1862C109F6A008F65E9;
			productRefGroup = F134E1902C109F6A008F65E9 /* Products */;
			projectDirPath = "";
			projectRoot = "";
			targets = (
				F134E18E2C109F6A008F65E9 /* Counter */,
				F134E1A42C109F6C008F65E9 /* CounterTests */,
				F134E1AE2C109F6C008F65E9 /* CounterUITests */,
			);
		};
/* End PBXProject section */

/* Begin PBXResourcesBuildPhase section */
		F134E18D2C109F6A008F65E9 /* Resources */ = {
			isa = PBXResourcesBuildPhase;
			buildActionMask = 2147483647;
			files = (
				F134E19C2C109F6C008F65E9 /* Assets.xcassets in Resources */,
				F134E19F2C109F6C008F65E9 /* Base in Resources */,
				F134E19A2C109F6A008F65E9 /* Base in Resources */,
			);
			runOnlyForDeploymentPostprocessing = 0;
		};
		F134E1A32C109F6C008F65E9 /* Resources */ = {
			isa = PBXResourcesBuildPhase;
			buildActionMask = 2147483647;
			files = (
			);
			runOnlyForDeploymentPostprocessing = 0;
		};
		F134E1AD2C109F6C008F65E9 /* Resources */ = {
			isa = PBXResourcesBuildPhase;
			buildActionMask = 2147483647;
			files = (
			);
			runOnlyForDeploymentPostprocessing = 0;
		};
/* End PBXResourcesBuildPhase section */

/* Begin PBXSourcesBuildPhase section */
		F134E18B2C109F6A008F65E9 /* Sources */ = {
			isa = PBXSourcesBuildPhase;
			buildActionMask = 2147483647;
			files = (
				F134E1972C109F6A008F65E9 /* ViewController.swift in Sources */,
				F134E1932C109F6A008F65E9 /* AppDelegate.swift in Sources */,
				F134E1952C109F6A008F65E9 /* SceneDelegate.swift in Sources */,
			);
			runOnlyForDeploymentPostprocessing = 0;
		};
		F134E1A12C109F6C008F65E9 /* Sources */ = {
			isa = PBXSourcesBuildPhase;
			buildActionMask = 2147483647;
			files = (
				F134E1AA2C109F6C008F65E9 /* CounterTests.swift in Sources */,
			);
			runOnlyForDeploymentPostprocessing = 0;
		};
		F134E1AB2C109F6C008F65E9 /* Sources */ = {
			isa = PBXSourcesBuildPhase;
			buildActionMask = 2147483647;
			files = (
				F134E1B42C109F6C008F65E9 /* CounterUITests.swift in Sources */,
				F134E1B62C109F6C008F65E9 /* CounterUITestsLaunchTests.swift in Sources */,
			);
			runOnlyForDeploymentPostprocessing = 0;
		};
/* End PBXSourcesBuildPhase section */

/* Begin PBXTargetDependency section */
		F134E1A72C109F6C008F65E9 /* PBXTargetDependency */ = {
			isa = PBXTargetDependency;
			target = F134E18E2C109F6A008F65E9 /* Counter */;
			targetProxy = F134E1A62C109F6C008F65E9 /* PBXContainerItemProxy */;
		};
		F134E1B12C109F6C008F65E9 /* PBXTargetDependency */ = {
			isa = PBXTargetDependency;
			target = F134E18E2C109F6A008F65E9 /* Counter */;
			targetProxy = F134E1B02C109F6C008F65E9 /* PBXContainerItemProxy */;
		};
/* End PBXTargetDependency section */

/* Begin PBXVariantGroup section */
		F134E1982C109F6A008F65E9 /* Main.storyboard */ = {
			isa = PBXVariantGroup;
			children = (
				F134E1992C109F6A008F65E9 /* Base */,
			);
			name = Main.storyboard;
			sourceTree = "<group>";
		};
		F134E19D2C109F6C008F65E9 /* LaunchScreen.storyboard */ = {
			isa = PBXVariantGroup;
			children = (
				F134E19E2C109F6C008F65E9 /* Base */,
			);
			name = LaunchScreen.storyboard;
			sourceTree = "<group>";
		};
/* End PBXVariantGroup section */

/* Begin XCBuildConfiguration section */
		F134E1B72C109F6C008F65E9 /* Debug */ = {
			isa = XCBuildConfiguration;
			buildSettings = {
				ALWAYS_SEARCH_USER_PATHS = NO;
				ASSETCATALOG_COMPILER_GENERATE_SWIFT_ASSET_SYMBOL_EXTENSIONS = YES;
				CLANG_ANALYZER_NONNULL = YES;
				CLANG_ANALYZER_NUMBER_OBJECT_CONVERSION = YES_AGGRESSIVE;
				CLANG_CXX_LANGUAGE_STANDARD = "gnu++20";
				CLANG_ENABLE_MODULES = YES;
				CLANG_ENABLE_OBJC_ARC = YES;
				CLANG_ENABLE_OBJC_WEAK = YES;
				CLANG_WARN_BLOCK_CAPTURE_AUTORELEASING = YES;
				CLANG_WARN_BOOL_CONVERSION = YES;
				CLANG_WARN_COMMA = YES;
				CLANG_WARN_CONSTANT_CONVERSION = YES;
				CLANG_WARN_DEPRECATED_OBJC_IMPLEMENTATIONS = YES;
				CLANG_WARN_DIRECT_OBJC_ISA_USAGE = YES_ERROR;
				CLANG_WARN_DOCUMENTATION_COMMENTS = YES;
				CLANG_WARN_EMPTY_BODY = YES;
				CLANG_WARN_ENUM_CONVERSION = YES;
				CLANG_WARN_INFINITE_RECURSION = YES;
				CLANG_WARN_INT_CONVERSION = YES;
				CLANG_WARN_NON_LITERAL_NULL_CONVERSION = YES;
				CLANG_WARN_OBJC_IMPLICIT_RETAIN_SELF = YES;
				CLANG_WARN_OBJC_LITERAL_CONVERSION = YES;
				CLANG_WARN_OBJC_ROOT_CLASS = YES_ERROR;
				CLANG_WARN_QUOTED_INCLUDE_IN_FRAMEWORK_HEADER = YES;
				CLANG_WARN_RANGE_LOOP_ANALYSIS = YES;
				CLANG_WARN_STRICT_PROTOTYPES = YES;
				CLANG_WARN_SUSPICIOUS_MOVE = YES;
				CLANG_WARN_UNGUARDED_AVAILABILITY = YES_AGGRESSIVE;
				CLANG_WARN_UNREACHABLE_CODE = YES;
				CLANG_WARN__DUPLICATE_METHOD_MATCH = YES;
				COPY_PHASE_STRIP = NO;
				DEBUG_INFORMATION_FORMAT = dwarf;
				ENABLE_STRICT_OBJC_MSGSEND = YES;
				ENABLE_TESTABILITY = YES;
				ENABLE_USER_SCRIPT_SANDBOXING = YES;
				GCC_C_LANGUAGE_STANDARD = gnu17;
				GCC_DYNAMIC_NO_PIC = NO;
				GCC_NO_COMMON_BLOCKS = YES;
				GCC_OPTIMIZATION_LEVEL = 0;
				GCC_PREPROCESSOR_DEFINITIONS = (
					"DEBUG=1",
					"$(inherited)",
				);
				GCC_WARN_64_TO_32_BIT_CONVERSION = YES;
				GCC_WARN_ABOUT_RETURN_TYPE = YES_ERROR;
				GCC_WARN_UNDECLARED_SELECTOR = YES;
				GCC_WARN_UNINITIALIZED_AUTOS = YES_AGGRESSIVE;
				GCC_WARN_UNUSED_FUNCTION = YES;
				GCC_WARN_UNUSED_VARIABLE = YES;
				IPHONEOS_DEPLOYMENT_TARGET = 17.4;
				LOCALIZATION_PREFERS_STRING_CATALOGS = YES;
				MTL_ENABLE_DEBUG_INFO = INCLUDE_SOURCE;
				MTL_FAST_MATH = YES;
				ONLY_ACTIVE_ARCH = YES;
				SDKROOT = iphoneos;
				SWIFT_ACTIVE_COMPILATION_CONDITIONS = "DEBUG $(inherited)";
				SWIFT_OPTIMIZATION_LEVEL = "-Onone";
			};
			name = Debug;
		};
		F134E1B82C109F6C008F65E9 /* Release */ = {
			isa = XCBuildConfiguration;
			buildSettings = {
				ALWAYS_SEARCH_USER_PATHS = NO;
				ASSETCATALOG_COMPILER_GENERATE_SWIFT_ASSET_SYMBOL_EXTENSIONS = YES;
				CLANG_ANALYZER_NONNULL = YES;
				CLANG_ANALYZER_NUMBER_OBJECT_CONVERSION = YES_AGGRESSIVE;
				CLANG_CXX_LANGUAGE_STANDARD = "gnu++20";
				CLANG_ENABLE_MODULES = YES;
				CLANG_ENABLE_OBJC_ARC = YES;
				CLANG_ENABLE_OBJC_WEAK = YES;
				CLANG_WARN_BLOCK_CAPTURE_AUTORELEASING = YES;
				CLANG_WARN_BOOL_CONVERSION = YES;
				CLANG_WARN_COMMA = YES;
				CLANG_WARN_CONSTANT_CONVERSION = YES;
				CLANG_WARN_DEPRECATED_OBJC_IMPLEMENTATIONS = YES;
				CLANG_WARN_DIRECT_OBJC_ISA_USAGE = YES_ERROR;
				CLANG_WARN_DOCUMENTATION_COMMENTS = YES;
				CLANG_WARN_EMPTY_BODY = YES;
				CLANG_WARN_ENUM_CONVERSION = YES;
				CLANG_WARN_INFINITE_RECURSION = YES;
				CLANG_WARN_INT_CONVERSION = YES;
				CLANG_WARN_NON_LITERAL_NULL_CONVERSION = YES;
				CLANG_WARN_OBJC_IMPLICIT_RETAIN_SELF = YES;
				CLANG_WARN_OBJC_LITERAL_CONVERSION = YES;
				CLANG_WARN_OBJC_ROOT_CLASS = YES_ERROR;
				CLANG_WARN_QUOTED_INCLUDE_IN_FRAMEWORK_HEADER = YES;
				CLANG_WARN_RANGE_LOOP_ANALYSIS = YES;
				CLANG_WARN_STRICT_PROTOTYPES = YES;
				CLANG_WARN_SUSPICIOUS_MOVE = YES;
				CLANG_WARN_UNGUARDED_AVAILABILITY = YES_AGGRESSIVE;
				CLANG_WARN_UNREACHABLE_CODE = YES;
				CLANG_WARN__DUPLICATE_METHOD_MATCH = YES;
				COPY_PHASE_STRIP = NO;
				DEBUG_INFORMATION_FORMAT = "dwarf-with-dsym";
				ENABLE_NS_ASSERTIONS = NO;
				ENABLE_STRICT_OBJC_MSGSEND = YES;
				ENABLE_USER_SCRIPT_SANDBOXING = YES;
				GCC_C_LANGUAGE_STANDARD = gnu17;
				GCC_NO_COMMON_BLOCKS = YES;
				GCC_WARN_64_TO_32_BIT_CONVERSION = YES;
				GCC_WARN_ABOUT_RETURN_TYPE = YES_ERROR;
				GCC_WARN_UNDECLARED_SELECTOR = YES;
				GCC_WARN_UNINITIALIZED_AUTOS = YES_AGGRESSIVE;
				GCC_WARN_UNUSED_FUNCTION = YES;
				GCC_WARN_UNUSED_VARIABLE = YES;
				IPHONEOS_DEPLOYMENT_TARGET = 17.4;
				LOCALIZATION_PREFERS_STRING_CATALOGS = YES;
				MTL_ENABLE_DEBUG_INFO = NO;
				MTL_FAST_MATH = YES;
				SDKROOT = iphoneos;
				SWIFT_COMPILATION_MODE = wholemodule;
				VALIDATE_PRODUCT = YES;
			};
			name = Release;
		};
		F134E1BA2C109F6C008F65E9 /* Debug */ = {
			isa = XCBuildConfiguration;
			buildSettings = {
				ASSETCATALOG_COMPILER_APPICON_NAME = AppIcon;
				ASSETCATALOG_COMPILER_GLOBAL_ACCENT_COLOR_NAME = AccentColor;
				CODE_SIGN_STYLE = Automatic;
				CURRENT_PROJECT_VERSION = 1;
				GENERATE_INFOPLIST_FILE = YES;
				INFOPLIST_FILE = Counter/Info.plist;
				INFOPLIST_KEY_UIApplicationSupportsIndirectInputEvents = YES;
				INFOPLIST_KEY_UILaunchStoryboardName = LaunchScreen;
				INFOPLIST_KEY_UIMainStoryboardFile = Main;
				INFOPLIST_KEY_UISupportedInterfaceOrientations_iPad = "UIInterfaceOrientationPortrait UIInterfaceOrientationPortraitUpsideDown UIInterfaceOrientationLandscapeLeft UIInterfaceOrientationLandscapeRight";
				INFOPLIST_KEY_UISupportedInterfaceOrientations_iPhone = "UIInterfaceOrientationPortrait UIInterfaceOrientationLandscapeLeft UIInterfaceOrientationLandscapeRight";
				LD_RUNPATH_SEARCH_PATHS = (
					"$(inherited)",
					"@executable_path/Frameworks",
				);
				MARKETING_VERSION = 1.0;
				PRODUCT_BUNDLE_IDENTIFIER = BayramErsary.Counter;
				PRODUCT_NAME = "$(TARGET_NAME)";
				SWIFT_EMIT_LOC_STRINGS = YES;
				SWIFT_VERSION = 5.0;
				TARGETED_DEVICE_FAMILY = "1,2";
			};
			name = Debug;
		};
		F134E1BB2C109F6C008F65E9 /* Release */ = {
			isa = XCBuildConfiguration;
			buildSettings = {
				ASSETCATALOG_COMPILER_APPICON_NAME = AppIcon;
				ASSETCATALOG_COMPILER_GLOBAL_ACCENT_COLOR_NAME = AccentColor;
				CODE_SIGN_STYLE = Automatic;
				CURRENT_PROJECT_VERSION = 1;
				GENERATE_INFOPLIST_FILE = YES;
				INFOPLIST_FILE = Counter/Info.plist;
				INFOPLIST_KEY_UIApplicationSupportsIndirectInputEvents = YES;
				INFOPLIST_KEY_UILaunchStoryboardName = LaunchScreen;
				INFOPLIST_KEY_UIMainStoryboardFile = Main;
				INFOPLIST_KEY_UISupportedInterfaceOrientations_iPad = "UIInterfaceOrientationPortrait UIInterfaceOrientationPortraitUpsideDown UIInterfaceOrientationLandscapeLeft UIInterfaceOrientationLandscapeRight";
				INFOPLIST_KEY_UISupportedInterfaceOrientations_iPhone = "UIInterfaceOrientationPortrait UIInterfaceOrientationLandscapeLeft UIInterfaceOrientationLandscapeRight";
				LD_RUNPATH_SEARCH_PATHS = (
					"$(inherited)",
					"@executable_path/Frameworks",
				);
				MARKETING_VERSION = 1.0;
				PRODUCT_BUNDLE_IDENTIFIER = BayramErsary.Counter;
				PRODUCT_NAME = "$(TARGET_NAME)";
				SWIFT_EMIT_LOC_STRINGS = YES;
				SWIFT_VERSION = 5.0;
				TARGETED_DEVICE_FAMILY = "1,2";
			};
			name = Release;
		};
		F134E1BD2C109F6C008F65E9 /* Debug */ = {
			isa = XCBuildConfiguration;
			buildSettings = {
				ALWAYS_EMBED_SWIFT_STANDARD_LIBRARIES = YES;
				BUNDLE_LOADER = "$(TEST_HOST)";
				CODE_SIGN_STYLE = Automatic;
				CURRENT_PROJECT_VERSION = 1;
				GENERATE_INFOPLIST_FILE = YES;
				IPHONEOS_DEPLOYMENT_TARGET = 17.4;
				MARKETING_VERSION = 1.0;
				PRODUCT_BUNDLE_IDENTIFIER = BayramErsary.CounterTests;
				PRODUCT_NAME = "$(TARGET_NAME)";
				SWIFT_EMIT_LOC_STRINGS = NO;
				SWIFT_VERSION = 5.0;
				TARGETED_DEVICE_FAMILY = "1,2";
				TEST_HOST = "$(BUILT_PRODUCTS_DIR)/Counter.app/$(BUNDLE_EXECUTABLE_FOLDER_PATH)/Counter";
			};
			name = Debug;
		};
		F134E1BE2C109F6C008F65E9 /* Release */ = {
			isa = XCBuildConfiguration;
			buildSettings = {
				ALWAYS_EMBED_SWIFT_STANDARD_LIBRARIES = YES;
				BUNDLE_LOADER = "$(TEST_HOST)";
				CODE_SIGN_STYLE = Automatic;
				CURRENT_PROJECT_VERSION = 1;
				GENERATE_INFOPLIST_FILE = YES;
				IPHONEOS_DEPLOYMENT_TARGET = 17.4;
				MARKETING_VERSION = 1.0;
				PRODUCT_BUNDLE_IDENTIFIER = BayramErsary.CounterTests;
				PRODUCT_NAME = "$(TARGET_NAME)";
				SWIFT_EMIT_LOC_STRINGS = NO;
				SWIFT_VERSION = 5.0;
				TARGETED_DEVICE_FAMILY = "1,2";
				TEST_HOST = "$(BUILT_PRODUCTS_DIR)/Counter.app/$(BUNDLE_EXECUTABLE_FOLDER_PATH)/Counter";
			};
			name = Release;
		};
		F134E1C02C109F6C008F65E9 /* Debug */ = {
			isa = XCBuildConfiguration;
			buildSettings = {
				ALWAYS_EMBED_SWIFT_STANDARD_LIBRARIES = YES;
				CODE_SIGN_STYLE = Automatic;
				CURRENT_PROJECT_VERSION = 1;
				GENERATE_INFOPLIST_FILE = YES;
				MARKETING_VERSION = 1.0;
				PRODUCT_BUNDLE_IDENTIFIER = BayramErsary.CounterUITests;
				PRODUCT_NAME = "$(TARGET_NAME)";
				SWIFT_EMIT_LOC_STRINGS = NO;
				SWIFT_VERSION = 5.0;
				TARGETED_DEVICE_FAMILY = "1,2";
				TEST_TARGET_NAME = Counter;
			};
			name = Debug;
		};
		F134E1C12C109F6C008F65E9 /* Release */ = {
			isa = XCBuildConfiguration;
			buildSettings = {
				ALWAYS_EMBED_SWIFT_STANDARD_LIBRARIES = YES;
				CODE_SIGN_STYLE = Automatic;
				CURRENT_PROJECT_VERSION = 1;
				GENERATE_INFOPLIST_FILE = YES;
				MARKETING_VERSION = 1.0;
				PRODUCT_BUNDLE_IDENTIFIER = BayramErsary.CounterUITests;
				PRODUCT_NAME = "$(TARGET_NAME)";
				SWIFT_EMIT_LOC_STRINGS = NO;
				SWIFT_VERSION = 5.0;
				TARGETED_DEVICE_FAMILY = "1,2";
				TEST_TARGET_NAME = Counter;
			};
			name = Release;
		};
/* End XCBuildConfiguration section */

/* Begin XCConfigurationList section */
		F134E18A2C109F6A008F65E9 /* Build configuration list for PBXProject "Counter" */ = {
			isa = XCConfigurationList;
			buildConfigurations = (
				F134E1B72C109F6C008F65E9 /* Debug */,
				F134E1B82C109F6C008F65E9 /* Release */,
			);
			defaultConfigurationIsVisible = 0;
			defaultConfigurationName = Release;
		};
		F134E1B92C109F6C008F65E9 /* Build configuration list for PBXNativeTarget "Counter" */ = {
			isa = XCConfigurationList;
			buildConfigurations = (
				F134E1BA2C109F6C008F65E9 /* Debug */,
				F134E1BB2C109F6C008F65E9 /* Release */,
			);
			defaultConfigurationIsVisible = 0;
			defaultConfigurationName = Release;
		};
		F134E1BC2C109F6C008F65E9 /* Build configuration list for PBXNativeTarget "CounterTests" */ = {
			isa = XCConfigurationList;
			buildConfigurations = (
				F134E1BD2C109F6C008F65E9 /* Debug */,
				F134E1BE2C109F6C008F65E9 /* Release */,
			);
			defaultConfigurationIsVisible = 0;
			defaultConfigurationName = Release;
		};
		F134E1BF2C109F6C008F65E9 /* Build configuration list for PBXNativeTarget "CounterUITests" */ = {
			isa = XCConfigurationList;
			buildConfigurations = (
				F134E1C02C109F6C008F65E9 /* Debug */,
				F134E1C12C109F6C008F65E9 /* Release */,
			);
			defaultConfigurationIsVisible = 0;
			defaultConfigurationName = Release;
		};
/* End XCConfigurationList section */
	};
	rootObject = F134E1872C109F6A008F65E9 /* Project object */;
}
